{
  "name": "ali-collina-js",
  "lockfileVersion": 2,
  "requires": true,
  "packages": {
    "": {
      "dependencies": {
        "commander": "^8.0.0",
        "jsnetworkx": "^0.3.4",
        "shift-ast": "^6.1.0",
        "shift-codegen": "^7.0.3",
        "shift-parser": "^7.0.3",
        "shift-refactor": "^2.0.0",
        "unminify": "^1.1.0"
      }
    },
    "node_modules/@jsoverson/shift-codegen": {
      "version": "7.0.0",
      "resolved": "https://registry.npmjs.org/@jsoverson/shift-codegen/-/shift-codegen-7.0.0.tgz",
      "integrity": "sha512-fBklFErIYirpd3IufjLYxoijJTjIYI9zqN3irxrNE6XvEPuU4hkPBqFsPwFWJvepSsGvqV4k5Cd8fky8Axya4w==",
      "dependencies": {
        "esutils": "^2.0.2",
        "object-assign": "^4.1.0",
        "shift-reducer": "6.0.0"
      }
    },
    "node_modules/array-back": {
      "version": "2.0.0",
      "resolved": "https://registry.npmjs.org/array-back/-/array-back-2.0.0.tgz",
      "integrity": "sha512-eJv4pLLufP3g5kcZry0j6WXpIbzYw9GUB4mVJZno9wfwiBxbizTnHCw3VJb07cBihbFX48Y7oSrW9y+gt4glyw==",
      "dependencies": {
        "typical": "^2.6.1"
      },
      "engines": {
        "node": ">=4"
      }
    },
    "node_modules/babel-runtime": {
      "version": "5.8.38",
      "resolved": "https://registry.npmjs.org/babel-runtime/-/babel-runtime-5.8.38.tgz",
      "integrity": "sha1-HAsC62MxL18If/IEUIJ7QlydTBk=",
      "dependencies": {
        "core-js": "^1.0.0"
      }
    },
    "node_modules/command-line-args": {
      "version": "4.0.7",
      "resolved": "https://registry.npmjs.org/command-line-args/-/command-line-args-4.0.7.tgz",
      "integrity": "sha512-aUdPvQRAyBvQd2n7jXcsMDz68ckBJELXNzBybCHOibUWEg0mWTnaYCSRU8h9R+aNRSvDihJtssSRCiDRpLaezA==",
      "dependencies": {
        "array-back": "^2.0.0",
        "find-replace": "^1.0.3",
        "typical": "^2.6.1"
      },
      "bin": {
        "command-line-args": "bin/cli.js"
      }
    },
    "node_modules/commander": {
      "version": "8.0.0",
      "resolved": "https://registry.npmjs.org/commander/-/commander-8.0.0.tgz",
      "integrity": "sha512-Xvf85aAtu6v22+E5hfVoLHqyul/jyxh91zvqk/ioJTQuJR7Z78n7H558vMPKanPSRgIEeZemT92I2g9Y8LPbSQ==",
      "engines": {
        "node": ">= 12"
      }
    },
    "node_modules/core-js": {
      "version": "1.2.7",
      "resolved": "https://registry.npmjs.org/core-js/-/core-js-1.2.7.tgz",
      "integrity": "sha1-ZSKUwUZR2yj6k70tX/KYOk8IxjY=",
      "deprecated": "core-js@<3 is no longer maintained and not recommended for usage due to the number of issues. Please, upgrade your dependencies to the actual version of core-js@3."
    },
    "node_modules/d": {
      "version": "1.0.1",
      "resolved": "https://registry.npmjs.org/d/-/d-1.0.1.tgz",
      "integrity": "sha512-m62ShEObQ39CfralilEQRjH6oAMtNCV1xJyEx5LpRYUVN+EviphDgUc/F3hnYbADmkiNs67Y+3ylmlG7Lnu+FA==",
      "dependencies": {
        "es5-ext": "^0.10.50",
        "type": "^1.0.1"
      }
    },
    "node_modules/debug": {
      "version": "4.3.1",
      "resolved": "https://registry.npmjs.org/debug/-/debug-4.3.1.tgz",
      "integrity": "sha512-doEwdvm4PCeK4K3RQN2ZC2BYUBaxwLARCqZmMjtF8a51J2Rb0xpVloFRnCODwqjpwnAoao4pelN8l3RJdv3gRQ==",
      "dependencies": {
        "ms": "2.1.2"
      },
      "engines": {
        "node": ">=6.0"
      }
    },
    "node_modules/es5-ext": {
      "version": "0.10.53",
      "resolved": "https://registry.npmjs.org/es5-ext/-/es5-ext-0.10.53.tgz",
      "integrity": "sha512-Xs2Stw6NiNHWypzRTY1MtaG/uJlwCk8kH81920ma8mvN8Xq1gsfhZvpkImLQArw8AHnv8MT2I45J3c0R8slE+Q==",
      "dependencies": {
        "es6-iterator": "~2.0.3",
        "es6-symbol": "~3.1.3",
        "next-tick": "~1.0.0"
      }
    },
    "node_modules/es6-iterator": {
      "version": "2.0.3",
      "resolved": "https://registry.npmjs.org/es6-iterator/-/es6-iterator-2.0.3.tgz",
      "integrity": "sha1-p96IkUGgWpSwhUQDstCg+/qY87c=",
      "dependencies": {
        "d": "1",
        "es5-ext": "^0.10.35",
        "es6-symbol": "^3.1.1"
      }
    },
    "node_modules/es6-map": {
      "version": "0.1.5",
      "resolved": "https://registry.npmjs.org/es6-map/-/es6-map-0.1.5.tgz",
      "integrity": "sha1-kTbgUD3MBqMBaQ8LsU/042TpSfA=",
      "dependencies": {
        "d": "1",
        "es5-ext": "~0.10.14",
        "es6-iterator": "~2.0.1",
        "es6-set": "~0.1.5",
        "es6-symbol": "~3.1.1",
        "event-emitter": "~0.3.5"
      }
    },
    "node_modules/es6-set": {
      "version": "0.1.5",
      "resolved": "https://registry.npmjs.org/es6-set/-/es6-set-0.1.5.tgz",
      "integrity": "sha1-0rPsXU2ADO2BjbU40ol02wpzzLE=",
      "dependencies": {
        "d": "1",
        "es5-ext": "~0.10.14",
        "es6-iterator": "~2.0.1",
        "es6-symbol": "3.1.1",
        "event-emitter": "~0.3.5"
      }
    },
    "node_modules/es6-set/node_modules/es6-symbol": {
      "version": "3.1.1",
      "resolved": "https://registry.npmjs.org/es6-symbol/-/es6-symbol-3.1.1.tgz",
      "integrity": "sha1-vwDvT9q2uhtG7Le2KbTH7VcVzHc=",
      "dependencies": {
        "d": "1",
        "es5-ext": "~0.10.14"
      }
    },
    "node_modules/es6-symbol": {
      "version": "3.1.3",
      "resolved": "https://registry.npmjs.org/es6-symbol/-/es6-symbol-3.1.3.tgz",
      "integrity": "sha512-NJ6Yn3FuDinBaBRWl/q5X/s4koRHBrgKAu+yGI6JCBeiu3qrcbJhwT2GeR/EXVfylRk8dpQVJoLEFhK+Mu31NA==",
      "dependencies": {
        "d": "^1.0.1",
        "ext": "^1.1.2"
      }
    },
    "node_modules/estraverse": {
      "version": "4.2.0",
      "resolved": "https://registry.npmjs.org/estraverse/-/estraverse-4.2.0.tgz",
      "integrity": "sha1-De4/7TH81GlhjOc0IJn8GvoL2xM=",
      "engines": {
        "node": ">=0.10.0"
      }
    },
    "node_modules/esutils": {
      "version": "2.0.3",
      "resolved": "https://registry.npmjs.org/esutils/-/esutils-2.0.3.tgz",
      "integrity": "sha512-kVscqXk4OCp68SZ0dkgEKVi6/8ij300KBWTJq32P/dYeWTSwK41WyTxalN1eRmA5Z9UU/LX9D7FWSmV9SAYx6g==",
      "engines": {
        "node": ">=0.10.0"
      }
    },
    "node_modules/event-emitter": {
      "version": "0.3.5",
      "resolved": "https://registry.npmjs.org/event-emitter/-/event-emitter-0.3.5.tgz",
      "integrity": "sha1-34xp7vFkeSPHFXuc6DhAYQsCzDk=",
      "dependencies": {
        "d": "1",
        "es5-ext": "~0.10.14"
      }
    },
    "node_modules/ext": {
      "version": "1.5.0",
      "resolved": "https://registry.npmjs.org/ext/-/ext-1.5.0.tgz",
      "integrity": "sha512-+ONcYoWj/SoQwUofMr94aGu05Ou4FepKi7N7b+O8T4jVfyIsZQV1/xeS8jpaBzF0csAk0KLXoHCxU7cKYZjo1Q==",
      "dependencies": {
        "type": "^2.5.0"
      }
    },
    "node_modules/ext/node_modules/type": {
      "version": "2.5.0",
      "resolved": "https://registry.npmjs.org/type/-/type-2.5.0.tgz",
      "integrity": "sha512-180WMDQaIMm3+7hGXWf12GtdniDEy7nYcyFMKJn/eZz/6tSLXrUN9V0wKSbMjej0I1WHWbpREDEKHtqPQa9NNw=="
    },
    "node_modules/fast-deep-equal": {
      "version": "3.1.3",
      "resolved": "https://registry.npmjs.org/fast-deep-equal/-/fast-deep-equal-3.1.3.tgz",
      "integrity": "sha512-f3qQ9oQy9j2AhBe/H9VC91wLmKBCCU/gDOnKNAYG5hswO7BLKj09Hc5HYNz9cGI++xlpDCIgDaitVs03ATR84Q=="
    },
    "node_modules/find-replace": {
      "version": "1.0.3",
      "resolved": "https://registry.npmjs.org/find-replace/-/find-replace-1.0.3.tgz",
      "integrity": "sha1-uI5zZNLZyVlVnziMZmcNYTBEH6A=",
      "dependencies": {
        "array-back": "^1.0.4",
        "test-value": "^2.1.0"
      },
      "engines": {
        "node": ">=4.0.0"
      }
    },
    "node_modules/find-replace/node_modules/array-back": {
      "version": "1.0.4",
      "resolved": "https://registry.npmjs.org/array-back/-/array-back-1.0.4.tgz",
      "integrity": "sha1-ZEun8JX3/898Q7Xw3DnTwfA8Bjs=",
      "dependencies": {
        "typical": "^2.6.0"
      },
      "engines": {
        "node": ">=0.12.0"
      }
    },
    "node_modules/jsnetworkx": {
      "version": "0.3.4",
      "resolved": "https://registry.npmjs.org/jsnetworkx/-/jsnetworkx-0.3.4.tgz",
      "integrity": "sha1-HAAl35QgjOtcxZ5lj5qb9f709vQ=",
      "dependencies": {
        "babel-runtime": "^5",
        "lodash": "^3.3.1",
        "through": "^2.3.6",
        "tiny-sprintf": "^0.3.0"
      }
    },
    "node_modules/jsnetworkx/node_modules/lodash": {
      "version": "3.10.1",
      "resolved": "https://registry.npmjs.org/lodash/-/lodash-3.10.1.tgz",
      "integrity": "sha1-W/Rejkm6QYnhfUgnid/RW9FAt7Y="
    },
    "node_modules/ms": {
      "version": "2.1.2",
      "resolved": "https://registry.npmjs.org/ms/-/ms-2.1.2.tgz",
      "integrity": "sha512-sGkPx+VjMtmA6MX27oA4FBFELFCZZ4S4XqeGOXCv68tT+jb3vk/RyaKWP0PTKyWtmLSM0b+adUTEvbs1PEaH2w=="
    },
    "node_modules/multimap": {
      "version": "1.1.0",
      "resolved": "https://registry.npmjs.org/multimap/-/multimap-1.1.0.tgz",
      "integrity": "sha512-0ZIR9PasPxGXmRsEF8jsDzndzHDj7tIav+JUmvIFB/WHswliFnquxECT/De7GR4yg99ky/NlRKJT82G1y271bw=="
    },
    "node_modules/next-tick": {
      "version": "1.0.0",
      "resolved": "https://registry.npmjs.org/next-tick/-/next-tick-1.0.0.tgz",
      "integrity": "sha1-yobR/ogoFpsBICCOPchCS524NCw="
    },
    "node_modules/object-assign": {
      "version": "4.1.1",
      "resolved": "https://registry.npmjs.org/object-assign/-/object-assign-4.1.1.tgz",
      "integrity": "sha1-IQmtx5ZYh8/AXLvUQsrIv7s2CGM=",
      "engines": {
        "node": ">=0.10.0"
      }
    },
    "node_modules/prettier": {
      "version": "1.9.2",
      "resolved": "https://registry.npmjs.org/prettier/-/prettier-1.9.2.tgz",
      "integrity": "sha512-piXx9N2WT8hWb7PBbX1glAuJVIkEyUV9F5fMXFINpZ0x3otVOFKKeGmeuiclFJlP/UrgTckyV606VjH2rNK4bw==",
      "bin": {
        "prettier": "bin/prettier.js"
      },
      "engines": {
        "node": ">=4"
      }
    },
    "node_modules/shift-ast": {
      "version": "6.1.0",
      "resolved": "https://registry.npmjs.org/shift-ast/-/shift-ast-6.1.0.tgz",
      "integrity": "sha512-Vj4XUIJIFPIh6VcBGJ1hjH/kM88XGer94Pr7Rvxa+idEylDsrwtLw268HoxGo5xReL6T3DdRl/9/Pr1XihZ/8Q=="
    },
    "node_modules/shift-codegen": {
      "version": "7.0.3",
      "resolved": "https://registry.npmjs.org/shift-codegen/-/shift-codegen-7.0.3.tgz",
      "integrity": "sha512-dfCVVdBF0qZ6pkajQ3bjxRdNEltyxEITVe7tBJkQt2eCI3znUkSxq0VSe/tTWq1LKHeAS4HuOiqYEuHMFkSq9w==",
      "dependencies": {
        "esutils": "^2.0.2",
        "object-assign": "^4.1.0",
        "shift-reducer": "6.0.0"
      }
    },
    "node_modules/shift-parser": {
      "version": "7.0.3",
      "resolved": "https://registry.npmjs.org/shift-parser/-/shift-parser-7.0.3.tgz",
      "integrity": "sha512-uYX2ORyZfKZrUc4iKKkO9KOhzUSxCrSBk7QK6ZmShId+BOo1gh1IwecVy97ynyOTpmhPWUttjC8BzsnQl65Zew==",
      "dependencies": {
        "multimap": "^1.0.2",
        "shift-ast": "6.0.0",
        "shift-reducer": "6.0.0",
        "shift-regexp-acceptor": "2.0.3"
      }
    },
    "node_modules/shift-parser/node_modules/shift-ast": {
      "version": "6.0.0",
      "resolved": "https://registry.npmjs.org/shift-ast/-/shift-ast-6.0.0.tgz",
      "integrity": "sha512-XXxDcEBWVBzqWXfNYJlLyJ1/9kMvOXVRXiqPjkOrTCC5qRsBvEMJMRLLFhU3tn8ue56Y7IZyBE6bexFum5QLUw=="
    },
    "node_modules/shift-printer": {
      "version": "1.0.1",
      "resolved": "https://registry.npmjs.org/shift-printer/-/shift-printer-1.0.1.tgz",
      "integrity": "sha512-kv59gA/8dZuz175dqbnBEJQH9ctusX3IDaA50oWcSGq5LOxLxZ4Rl6+7rMsiQywxA7K4FBJY/XJ+OEz0f5Ux0w==",
      "dependencies": {
        "@jsoverson/shift-codegen": "^7.0.0"
      }
    },
    "node_modules/shift-query": {
      "version": "1.0.2",
      "resolved": "https://registry.npmjs.org/shift-query/-/shift-query-1.0.2.tgz",
      "integrity": "sha512-tgYZE58U/wl3wiAsDVB7UnuMZVL8TAlLoYu0lBGvs/Kj2cywJKl54BrwUerdkA1cMieiyNx1SbBG5+mOntTIBQ==",
      "dependencies": {
        "shift-traverser": "^1.0.0"
      }
    },
    "node_modules/shift-reducer": {
      "version": "6.0.0",
      "resolved": "https://registry.npmjs.org/shift-reducer/-/shift-reducer-6.0.0.tgz",
      "integrity": "sha512-2rJraRP8drIOjvaE/sALa+0tGJmMVUzlmS3wIJerJbaYuCjpFAiF0WjkTOFVtz1144Nm/ECmqeG+7yRhuMVsMg==",
      "dependencies": {
        "shift-ast": "6.0.0"
      }
    },
    "node_modules/shift-reducer/node_modules/shift-ast": {
      "version": "6.0.0",
      "resolved": "https://registry.npmjs.org/shift-ast/-/shift-ast-6.0.0.tgz",
      "integrity": "sha512-XXxDcEBWVBzqWXfNYJlLyJ1/9kMvOXVRXiqPjkOrTCC5qRsBvEMJMRLLFhU3tn8ue56Y7IZyBE6bexFum5QLUw=="
    },
    "node_modules/shift-refactor": {
      "version": "2.0.0",
      "resolved": "https://registry.npmjs.org/shift-refactor/-/shift-refactor-2.0.0.tgz",
      "integrity": "sha512-9pO3WQ3oHb9FXVxGhVSMUajCtiwUhfqAWv1H1bkinwFdoR2l4IzVDdQYThMNg5UUEZhg52XBMB15WUxX4vzQKg==",
      "dependencies": {
        "@jsoverson/shift-codegen": "^7.0.0",
        "debug": "^4.1.1",
        "fast-deep-equal": "^3.1.1",
        "shift-ast": "^6.1.0",
        "shift-parser": "^7.0.0",
        "shift-printer": "^1.0.1",
        "shift-query": "^1.0.2",
        "shift-scope": "^4.0.0",
        "shift-traverser": "^1.0.0",
        "shift-validator": "^5.0.0"
      }
    },
    "node_modules/shift-regexp-acceptor": {
      "version": "2.0.3",
      "resolved": "https://registry.npmjs.org/shift-regexp-acceptor/-/shift-regexp-acceptor-2.0.3.tgz",
      "integrity": "sha512-sxL7e5JNUFxm+gutFRXktX2D6KVgDAHNuDsk5XHB9Z+N5yXooZG6pdZ1GEbo3Jz6lF7ETYLBC4WAjIFm2RKTmA==",
      "dependencies": {
        "unicode-match-property-ecmascript": "1.0.4",
        "unicode-match-property-value-ecmascript": "1.0.2",
        "unicode-property-aliases-ecmascript": "1.0.4"
      }
    },
    "node_modules/shift-scope": {
      "version": "4.0.0",
      "resolved": "https://registry.npmjs.org/shift-scope/-/shift-scope-4.0.0.tgz",
      "integrity": "sha512-b5Ub5m6eP3obI1h6MVmt3Rthh1akLKKjresLtYYqV+V4aNFL1XtdvB+yK6mTROakriKFu4ehwbs6mFMUCenyKA==",
      "dependencies": {
        "multimap": "1.0.2",
        "shift-reducer": "5.0.0",
        "shift-spec": "2017.0.0"
      }
    },
    "node_modules/shift-scope/node_modules/multimap": {
      "version": "1.0.2",
      "resolved": "https://registry.npmjs.org/multimap/-/multimap-1.0.2.tgz",
      "integrity": "sha1-aqdvwyM5BbqUi75MdNwsOgNW6zY="
    },
    "node_modules/shift-scope/node_modules/shift-ast": {
      "version": "5.0.0",
      "resolved": "https://registry.npmjs.org/shift-ast/-/shift-ast-5.0.0.tgz",
      "integrity": "sha512-kMhr/GwgrQ1U2kaa50sD5YxNDQEZHAZigVwrf/NNeezb6oiYnpPMV8v1WVRhCW8sjI7xUdzuPujSQ3gA2IuUAQ=="
    },
    "node_modules/shift-scope/node_modules/shift-reducer": {
      "version": "5.0.0",
      "resolved": "https://registry.npmjs.org/shift-reducer/-/shift-reducer-5.0.0.tgz",
      "integrity": "sha512-Jgr6kPMZuzsQ63NdeLJT6BZvtJ6IDbYFBVqiid1bZlwxeJYq81Cj2Wc4UUERjO4Q9tz5U4KpWaZhitjcBvfiYA==",
      "dependencies": {
        "shift-ast": "5.0.0"
      }
    },
    "node_modules/shift-scope/node_modules/shift-spec": {
      "version": "2017.0.0",
      "resolved": "https://registry.npmjs.org/shift-spec/-/shift-spec-2017.0.0.tgz",
      "integrity": "sha512-bJvpDhV0BPI3Qtr0Dztrv9nKjQmeSlRRjMOPe5ojsnzauhwu3fls+iMT6qDUXS+kXloZo71dn15j9D2qWuuQvw=="
    },
    "node_modules/shift-spec": {
      "version": "2018.0.0",
      "resolved": "https://registry.npmjs.org/shift-spec/-/shift-spec-2018.0.0.tgz",
      "integrity": "sha512-/aiPOkj7dbe+CV2VZhIMTHQToZmgniofpRG7Yr7x2/0sO6CSVC++py1Wzf+s+rWSTDHKcLvziVAxjRRV4i4EoQ=="
    },
    "node_modules/shift-traverser": {
      "version": "1.0.0",
      "resolved": "https://registry.npmjs.org/shift-traverser/-/shift-traverser-1.0.0.tgz",
      "integrity": "sha512-DMY3512wJbdC+IC+nhLH3/Stgr2BbxbNcg7qyZ6+e5qNnNs8TBQJWdMsRgHlX1JXwF4C0ONKS8VUxsPT0Tf7aw==",
      "dependencies": {
        "estraverse": "4.2.0",
        "shift-spec": "2018.0.0"
      }
    },
    "node_modules/shift-validator": {
      "version": "5.0.1",
      "resolved": "https://registry.npmjs.org/shift-validator/-/shift-validator-5.0.1.tgz",
      "integrity": "sha512-q0uUu2IWgEnItpuTbL1HGJkfBWKTGhDMTOqe1ANlc6qfV6jo1E3LB2P1rAVWQnOl+9iZSfdqYzNIACZ0j07l4Q==",
      "dependencies": {
        "esutils": "2.0.2",
        "shift-parser": "7.0.3",
        "shift-reducer": "6.0.0",
        "shift-regexp-acceptor": "2.0.3"
      }
    },
    "node_modules/shift-validator/node_modules/esutils": {
      "version": "2.0.2",
      "resolved": "https://registry.npmjs.org/esutils/-/esutils-2.0.2.tgz",
      "integrity": "sha1-Cr9PHKpbyx96nYrMbepPqqBLrJs=",
      "engines": {
        "node": ">=0.10.0"
      }
    },
    "node_modules/test-value": {
      "version": "2.1.0",
      "resolved": "https://registry.npmjs.org/test-value/-/test-value-2.1.0.tgz",
      "integrity": "sha1-Edpv9nDzRxpztiXKTz/c97t0gpE=",
      "dependencies": {
        "array-back": "^1.0.3",
        "typical": "^2.6.0"
      },
      "engines": {
        "node": ">=0.10.0"
      }
    },
    "node_modules/test-value/node_modules/array-back": {
      "version": "1.0.4",
      "resolved": "https://registry.npmjs.org/array-back/-/array-back-1.0.4.tgz",
      "integrity": "sha1-ZEun8JX3/898Q7Xw3DnTwfA8Bjs=",
      "dependencies": {
        "typical": "^2.6.0"
      },
      "engines": {
        "node": ">=0.12.0"
      }
    },
    "node_modules/through": {
      "version": "2.3.8",
      "resolved": "https://registry.npmjs.org/through/-/through-2.3.8.tgz",
      "integrity": "sha1-DdTJ/6q8NXlgsbckEV1+Doai4fU="
    },
    "node_modules/tiny-sprintf": {
      "version": "0.3.0",
      "resolved": "https://registry.npmjs.org/tiny-sprintf/-/tiny-sprintf-0.3.0.tgz",
      "integrity": "sha1-QnL9XB0vkoByI/wW1yj98wWVoz4="
    },
    "node_modules/type": {
      "version": "1.2.0",
      "resolved": "https://registry.npmjs.org/type/-/type-1.2.0.tgz",
      "integrity": "sha512-+5nt5AAniqsCnu2cEQQdpzCAh33kVx8n0VoFidKpB1dVVLAN/F+bgVOqOJqOnEnrhp222clB5p3vUlD+1QAnfg=="
    },
    "node_modules/typical": {
      "version": "2.6.1",
      "resolved": "https://registry.npmjs.org/typical/-/typical-2.6.1.tgz",
      "integrity": "sha1-XAgOXWYcu+OCWdLnCjxyU+hziB0="
    },
    "node_modules/unicode-canonical-property-names-ecmascript": {
      "version": "1.0.4",
      "resolved": "https://registry.npmjs.org/unicode-canonical-property-names-ecmascript/-/unicode-canonical-property-names-ecmascript-1.0.4.tgz",
      "integrity": "sha512-jDrNnXWHd4oHiTZnx/ZG7gtUTVp+gCcTTKr8L0HjlwphROEW3+Him+IpvC+xcJEFegapiMZyZe02CyuOnRmbnQ==",
      "engines": {
        "node": ">=4"
      }
    },
    "node_modules/unicode-match-property-ecmascript": {
      "version": "1.0.4",
      "resolved": "https://registry.npmjs.org/unicode-match-property-ecmascript/-/unicode-match-property-ecmascript-1.0.4.tgz",
      "integrity": "sha512-L4Qoh15vTfntsn4P1zqnHulG0LdXgjSO035fEpdtp6YxXhMT51Q6vgM5lYdG/5X3MjS+k/Y9Xw4SFCY9IkR0rg==",
      "dependencies": {
        "unicode-canonical-property-names-ecmascript": "^1.0.4",
        "unicode-property-aliases-ecmascript": "^1.0.4"
      },
      "engines": {
        "node": ">=4"
      }
    },
    "node_modules/unicode-match-property-value-ecmascript": {
      "version": "1.0.2",
      "resolved": "https://registry.npmjs.org/unicode-match-property-value-ecmascript/-/unicode-match-property-value-ecmascript-1.0.2.tgz",
      "integrity": "sha512-Rx7yODZC1L/T8XKo/2kNzVAQaRE88AaMvI1EF/Xnj3GW2wzN6fop9DDWuFAKUVFH7vozkz26DzP0qyWLKLIVPQ==",
      "engines": {
        "node": ">=4"
      }
    },
    "node_modules/unicode-property-aliases-ecmascript": {
      "version": "1.0.4",
      "resolved": "https://registry.npmjs.org/unicode-property-aliases-ecmascript/-/unicode-property-aliases-ecmascript-1.0.4.tgz",
      "integrity": "sha512-2WSLa6OdYd2ng8oqiGIWnJqyFArvhn+5vgx5GTxMbUYjCYKUcuKS62YLFF0R/BDGlB1yzXjQOLtPAfHsgirEpg==",
      "engines": {
        "node": ">=4"
      }
    },
    "node_modules/unminify": {
      "version": "1.1.0",
      "resolved": "https://registry.npmjs.org/unminify/-/unminify-1.1.0.tgz",
      "integrity": "sha512-1lQg59rABGYaPcubPfGFwzYqG0AaVGEIRyH0079TWhwFgkQn3tTnXDU7i35W4NuYpfaD3mjs91ojZPo1xWzAkg==",
      "dependencies": {
        "command-line-args": "4.0.7",
        "esutils": "2.0.2",
        "prettier": "1.9.2",
        "shift-ast": "4.0.0",
        "shift-codegen": "5.0.5",
        "shift-parser": "5.2.3",
        "shift-reducer": "4.1.0",
        "shift-scope": "3.1.0",
        "shift-spec": "2016.0.0"
      },
      "bin": {
        "unminify": "bin/cli.js"
      }
    },
    "node_modules/unminify/node_modules/esutils": {
      "version": "2.0.2",
      "resolved": "https://registry.npmjs.org/esutils/-/esutils-2.0.2.tgz",
      "integrity": "sha1-Cr9PHKpbyx96nYrMbepPqqBLrJs=",
      "engines": {
        "node": ">=0.10.0"
      }
    },
    "node_modules/unminify/node_modules/multimap": {
      "version": "0.1.1",
      "resolved": "https://registry.npmjs.org/multimap/-/multimap-0.1.1.tgz",
      "integrity": "sha1-UY6eIVIK++Vq4zwMI1PpnVPj1fw="
    },
    "node_modules/unminify/node_modules/shift-ast": {
      "version": "4.0.0",
      "resolved": "https://registry.npmjs.org/shift-ast/-/shift-ast-4.0.0.tgz",
      "integrity": "sha1-HUFSoq3ShkSlKusuDIfYkl09l/8="
    },
    "node_modules/unminify/node_modules/shift-codegen": {
      "version": "5.0.5",
      "resolved": "https://registry.npmjs.org/shift-codegen/-/shift-codegen-5.0.5.tgz",
      "integrity": "sha1-9r16IWHFpOyURmWeE/H90UPFycE=",
      "dependencies": {
        "esutils": "^2.0.2",
        "object-assign": "^4.1.0",
        "shift-reducer": "^4.0.0"
      }
    },
    "node_modules/unminify/node_modules/shift-parser": {
      "version": "5.2.3",
      "resolved": "https://registry.npmjs.org/shift-parser/-/shift-parser-5.2.3.tgz",
      "integrity": "sha1-tt48/49PMjKzC4J3k9bIsRrrKlE=",
      "dependencies": {
        "es6-map": "^0.1.1",
        "multimap": "^0.1.1",
        "shift-ast": "^4.0.0",
        "shift-reducer": "^4.0.0"
      }
    },
    "node_modules/unminify/node_modules/shift-reducer": {
      "version": "4.1.0",
      "resolved": "https://registry.npmjs.org/shift-reducer/-/shift-reducer-4.1.0.tgz",
      "integrity": "sha512-eizJcB5vB4ThtsucWJAtZ9ZODirbwN1+lhSFkXZzRe7jLIu7pWn4w/d6AAwK7LAi+PZssqFmCFFl2rbVtspeOg==",
      "dependencies": {
        "shift-ast": "^4.0.0"
      }
    },
    "node_modules/unminify/node_modules/shift-scope": {
      "version": "3.1.0",
      "resolved": "https://registry.npmjs.org/shift-scope/-/shift-scope-3.1.0.tgz",
      "integrity": "sha1-tmAB1l4Wm/Dy5RJxmK5tjVOPE4Y=",
      "dependencies": {
        "multimap": "1.0.2",
        "shift-reducer": "4.0.1",
        "shift-spec": "2016.0.0"
      }
    },
    "node_modules/unminify/node_modules/shift-scope/node_modules/multimap": {
      "version": "1.0.2",
      "resolved": "https://registry.npmjs.org/multimap/-/multimap-1.0.2.tgz",
      "integrity": "sha1-aqdvwyM5BbqUi75MdNwsOgNW6zY="
    },
    "node_modules/unminify/node_modules/shift-scope/node_modules/shift-reducer": {
      "version": "4.0.1",
      "resolved": "https://registry.npmjs.org/shift-reducer/-/shift-reducer-4.0.1.tgz",
      "integrity": "sha1-McM0FP9UqgqZfSs/wlQWL1xaG3U=",
      "dependencies": {
        "shift-ast": "^4.0.0"
      }
    },
    "node_modules/unminify/node_modules/shift-spec": {
      "version": "2016.0.0",
      "resolved": "https://registry.npmjs.org/shift-spec/-/shift-spec-2016.0.0.tgz",
      "integrity": "sha1-zwV8OW1846WeXgAwdwIdK1UqJhw="
    }
  },
  "dependencies": {
    "@jsoverson/shift-codegen": {
      "version": "7.0.0",
      "resolved": "https://registry.npmjs.org/@jsoverson/shift-codegen/-/shift-codegen-7.0.0.tgz",
      "integrity": "sha512-fBklFErIYirpd3IufjLYxoijJTjIYI9zqN3irxrNE6XvEPuU4hkPBqFsPwFWJvepSsGvqV4k5Cd8fky8Axya4w==",
      "requires": {
        "esutils": "^2.0.2",
        "object-assign": "^4.1.0",
        "shift-reducer": "6.0.0"
      }
    },
    "array-back": {
      "version": "2.0.0",
      "resolved": "https://registry.npmjs.org/array-back/-/array-back-2.0.0.tgz",
      "integrity": "sha512-eJv4pLLufP3g5kcZry0j6WXpIbzYw9GUB4mVJZno9wfwiBxbizTnHCw3VJb07cBihbFX48Y7oSrW9y+gt4glyw==",
      "requires": {
        "typical": "^2.6.1"
      }
    },
    "babel-runtime": {
      "version": "5.8.38",
      "resolved": "https://registry.npmjs.org/babel-runtime/-/babel-runtime-5.8.38.tgz",
      "integrity": "sha1-HAsC62MxL18If/IEUIJ7QlydTBk=",
      "requires": {
        "core-js": "^1.0.0"
      }
    },
    "command-line-args": {
      "version": "4.0.7",
      "resolved": "https://registry.npmjs.org/command-line-args/-/command-line-args-4.0.7.tgz",
      "integrity": "sha512-aUdPvQRAyBvQd2n7jXcsMDz68ckBJELXNzBybCHOibUWEg0mWTnaYCSRU8h9R+aNRSvDihJtssSRCiDRpLaezA==",
      "requires": {
        "array-back": "^2.0.0",
        "find-replace": "^1.0.3",
        "typical": "^2.6.1"
      }
    },
    "commander": {
      "version": "8.0.0",
      "resolved": "https://registry.npmjs.org/commander/-/commander-8.0.0.tgz",
      "integrity": "sha512-Xvf85aAtu6v22+E5hfVoLHqyul/jyxh91zvqk/ioJTQuJR7Z78n7H558vMPKanPSRgIEeZemT92I2g9Y8LPbSQ=="
    },
    "core-js": {
      "version": "1.2.7",
      "resolved": "https://registry.npmjs.org/core-js/-/core-js-1.2.7.tgz",
      "integrity": "sha1-ZSKUwUZR2yj6k70tX/KYOk8IxjY="
    },
    "d": {
      "version": "1.0.1",
      "resolved": "https://registry.npmjs.org/d/-/d-1.0.1.tgz",
      "integrity": "sha512-m62ShEObQ39CfralilEQRjH6oAMtNCV1xJyEx5LpRYUVN+EviphDgUc/F3hnYbADmkiNs67Y+3ylmlG7Lnu+FA==",
      "requires": {
        "es5-ext": "^0.10.50",
        "type": "^1.0.1"
      }
    },
    "debug": {
      "version": "4.3.1",
      "resolved": "https://registry.npmjs.org/debug/-/debug-4.3.1.tgz",
      "integrity": "sha512-doEwdvm4PCeK4K3RQN2ZC2BYUBaxwLARCqZmMjtF8a51J2Rb0xpVloFRnCODwqjpwnAoao4pelN8l3RJdv3gRQ==",
      "requires": {
        "ms": "2.1.2"
      }
    },
    "es5-ext": {
      "version": "0.10.53",
      "resolved": "https://registry.npmjs.org/es5-ext/-/es5-ext-0.10.53.tgz",
      "integrity": "sha512-Xs2Stw6NiNHWypzRTY1MtaG/uJlwCk8kH81920ma8mvN8Xq1gsfhZvpkImLQArw8AHnv8MT2I45J3c0R8slE+Q==",
      "requires": {
        "es6-iterator": "~2.0.3",
        "es6-symbol": "~3.1.3",
        "next-tick": "~1.0.0"
      }
    },
    "es6-iterator": {
      "version": "2.0.3",
      "resolved": "https://registry.npmjs.org/es6-iterator/-/es6-iterator-2.0.3.tgz",
      "integrity": "sha1-p96IkUGgWpSwhUQDstCg+/qY87c=",
      "requires": {
        "d": "1",
        "es5-ext": "^0.10.35",
        "es6-symbol": "^3.1.1"
      }
    },
    "es6-map": {
      "version": "0.1.5",
      "resolved": "https://registry.npmjs.org/es6-map/-/es6-map-0.1.5.tgz",
      "integrity": "sha1-kTbgUD3MBqMBaQ8LsU/042TpSfA=",
      "requires": {
        "d": "1",
        "es5-ext": "~0.10.14",
        "es6-iterator": "~2.0.1",
        "es6-set": "~0.1.5",
        "es6-symbol": "~3.1.1",
        "event-emitter": "~0.3.5"
      }
    },
    "es6-set": {
      "version": "0.1.5",
      "resolved": "https://registry.npmjs.org/es6-set/-/es6-set-0.1.5.tgz",
      "integrity": "sha1-0rPsXU2ADO2BjbU40ol02wpzzLE=",
      "requires": {
        "d": "1",
        "es5-ext": "~0.10.14",
        "es6-iterator": "~2.0.1",
        "es6-symbol": "3.1.1",
        "event-emitter": "~0.3.5"
      },
      "dependencies": {
        "es6-symbol": {
          "version": "3.1.1",
          "resolved": "https://registry.npmjs.org/es6-symbol/-/es6-symbol-3.1.1.tgz",
          "integrity": "sha1-vwDvT9q2uhtG7Le2KbTH7VcVzHc=",
          "requires": {
            "d": "1",
            "es5-ext": "~0.10.14"
          }
        }
      }
    },
    "es6-symbol": {
      "version": "3.1.3",
      "resolved": "https://registry.npmjs.org/es6-symbol/-/es6-symbol-3.1.3.tgz",
      "integrity": "sha512-NJ6Yn3FuDinBaBRWl/q5X/s4koRHBrgKAu+yGI6JCBeiu3qrcbJhwT2GeR/EXVfylRk8dpQVJoLEFhK+Mu31NA==",
      "requires": {
        "d": "^1.0.1",
        "ext": "^1.1.2"
      }
    },
    "estraverse": {
      "version": "4.2.0",
      "resolved": "https://registry.npmjs.org/estraverse/-/estraverse-4.2.0.tgz",
      "integrity": "sha1-De4/7TH81GlhjOc0IJn8GvoL2xM="
    },
    "esutils": {
      "version": "2.0.3",
      "resolved": "https://registry.npmjs.org/esutils/-/esutils-2.0.3.tgz",
      "integrity": "sha512-kVscqXk4OCp68SZ0dkgEKVi6/8ij300KBWTJq32P/dYeWTSwK41WyTxalN1eRmA5Z9UU/LX9D7FWSmV9SAYx6g=="
    },
    "event-emitter": {
      "version": "0.3.5",
      "resolved": "https://registry.npmjs.org/event-emitter/-/event-emitter-0.3.5.tgz",
      "integrity": "sha1-34xp7vFkeSPHFXuc6DhAYQsCzDk=",
      "requires": {
        "d": "1",
        "es5-ext": "~0.10.14"
      }
    },
    "ext": {
      "version": "1.5.0",
      "resolved": "https://registry.npmjs.org/ext/-/ext-1.5.0.tgz",
      "integrity": "sha512-+ONcYoWj/SoQwUofMr94aGu05Ou4FepKi7N7b+O8T4jVfyIsZQV1/xeS8jpaBzF0csAk0KLXoHCxU7cKYZjo1Q==",
      "requires": {
        "type": "^2.5.0"
      },
      "dependencies": {
        "type": {
          "version": "2.5.0",
          "resolved": "https://registry.npmjs.org/type/-/type-2.5.0.tgz",
          "integrity": "sha512-180WMDQaIMm3+7hGXWf12GtdniDEy7nYcyFMKJn/eZz/6tSLXrUN9V0wKSbMjej0I1WHWbpREDEKHtqPQa9NNw=="
        }
      }
    },
    "fast-deep-equal": {
      "version": "3.1.3",
      "resolved": "https://registry.npmjs.org/fast-deep-equal/-/fast-deep-equal-3.1.3.tgz",
      "integrity": "sha512-f3qQ9oQy9j2AhBe/H9VC91wLmKBCCU/gDOnKNAYG5hswO7BLKj09Hc5HYNz9cGI++xlpDCIgDaitVs03ATR84Q=="
    },
    "find-replace": {
      "version": "1.0.3",
      "resolved": "https://registry.npmjs.org/find-replace/-/find-replace-1.0.3.tgz",
      "integrity": "sha1-uI5zZNLZyVlVnziMZmcNYTBEH6A=",
      "requires": {
        "array-back": "^1.0.4",
        "test-value": "^2.1.0"
      },
      "dependencies": {
        "array-back": {
          "version": "1.0.4",
          "resolved": "https://registry.npmjs.org/array-back/-/array-back-1.0.4.tgz",
          "integrity": "sha1-ZEun8JX3/898Q7Xw3DnTwfA8Bjs=",
          "requires": {
            "typical": "^2.6.0"
          }
        }
      }
    },
    "jsnetworkx": {
      "version": "0.3.4",
      "resolved": "https://registry.npmjs.org/jsnetworkx/-/jsnetworkx-0.3.4.tgz",
      "integrity": "sha1-HAAl35QgjOtcxZ5lj5qb9f709vQ=",
      "requires": {
        "babel-runtime": "^5",
        "lodash": "^3.3.1",
        "through": "^2.3.6",
        "tiny-sprintf": "^0.3.0"
      },
      "dependencies": {
        "lodash": {
          "version": "3.10.1",
          "resolved": "https://registry.npmjs.org/lodash/-/lodash-3.10.1.tgz",
          "integrity": "sha1-W/Rejkm6QYnhfUgnid/RW9FAt7Y="
        }
      }
    },
    "ms": {
      "version": "2.1.2",
      "resolved": "https://registry.npmjs.org/ms/-/ms-2.1.2.tgz",
      "integrity": "sha512-sGkPx+VjMtmA6MX27oA4FBFELFCZZ4S4XqeGOXCv68tT+jb3vk/RyaKWP0PTKyWtmLSM0b+adUTEvbs1PEaH2w=="
    },
    "multimap": {
      "version": "1.1.0",
      "resolved": "https://registry.npmjs.org/multimap/-/multimap-1.1.0.tgz",
      "integrity": "sha512-0ZIR9PasPxGXmRsEF8jsDzndzHDj7tIav+JUmvIFB/WHswliFnquxECT/De7GR4yg99ky/NlRKJT82G1y271bw=="
    },
    "next-tick": {
      "version": "1.0.0",
      "resolved": "https://registry.npmjs.org/next-tick/-/next-tick-1.0.0.tgz",
      "integrity": "sha1-yobR/ogoFpsBICCOPchCS524NCw="
    },
    "object-assign": {
      "version": "4.1.1",
      "resolved": "https://registry.npmjs.org/object-assign/-/object-assign-4.1.1.tgz",
      "integrity": "sha1-IQmtx5ZYh8/AXLvUQsrIv7s2CGM="
    },
    "prettier": {
      "version": "1.9.2",
      "resolved": "https://registry.npmjs.org/prettier/-/prettier-1.9.2.tgz",
      "integrity": "sha512-piXx9N2WT8hWb7PBbX1glAuJVIkEyUV9F5fMXFINpZ0x3otVOFKKeGmeuiclFJlP/UrgTckyV606VjH2rNK4bw=="
    },
    "shift-ast": {
      "version": "6.1.0",
      "resolved": "https://registry.npmjs.org/shift-ast/-/shift-ast-6.1.0.tgz",
      "integrity": "sha512-Vj4XUIJIFPIh6VcBGJ1hjH/kM88XGer94Pr7Rvxa+idEylDsrwtLw268HoxGo5xReL6T3DdRl/9/Pr1XihZ/8Q=="
    },
    "shift-codegen": {
      "version": "7.0.3",
      "resolved": "https://registry.npmjs.org/shift-codegen/-/shift-codegen-7.0.3.tgz",
      "integrity": "sha512-dfCVVdBF0qZ6pkajQ3bjxRdNEltyxEITVe7tBJkQt2eCI3znUkSxq0VSe/tTWq1LKHeAS4HuOiqYEuHMFkSq9w==",
      "requires": {
        "esutils": "^2.0.2",
        "object-assign": "^4.1.0",
        "shift-reducer": "6.0.0"
      }
    },
    "shift-parser": {
      "version": "7.0.3",
      "resolved": "https://registry.npmjs.org/shift-parser/-/shift-parser-7.0.3.tgz",
      "integrity": "sha512-uYX2ORyZfKZrUc4iKKkO9KOhzUSxCrSBk7QK6ZmShId+BOo1gh1IwecVy97ynyOTpmhPWUttjC8BzsnQl65Zew==",
      "requires": {
        "multimap": "^1.0.2",
        "shift-ast": "6.0.0",
        "shift-reducer": "6.0.0",
        "shift-regexp-acceptor": "2.0.3"
      },
      "dependencies": {
        "shift-ast": {
          "version": "6.0.0",
          "resolved": "https://registry.npmjs.org/shift-ast/-/shift-ast-6.0.0.tgz",
          "integrity": "sha512-XXxDcEBWVBzqWXfNYJlLyJ1/9kMvOXVRXiqPjkOrTCC5qRsBvEMJMRLLFhU3tn8ue56Y7IZyBE6bexFum5QLUw=="
        }
      }
    },
    "shift-printer": {
      "version": "1.0.1",
      "resolved": "https://registry.npmjs.org/shift-printer/-/shift-printer-1.0.1.tgz",
      "integrity": "sha512-kv59gA/8dZuz175dqbnBEJQH9ctusX3IDaA50oWcSGq5LOxLxZ4Rl6+7rMsiQywxA7K4FBJY/XJ+OEz0f5Ux0w==",
      "requires": {
        "@jsoverson/shift-codegen": "^7.0.0"
      }
    },
    "shift-query": {
      "version": "1.0.2",
      "resolved": "https://registry.npmjs.org/shift-query/-/shift-query-1.0.2.tgz",
      "integrity": "sha512-tgYZE58U/wl3wiAsDVB7UnuMZVL8TAlLoYu0lBGvs/Kj2cywJKl54BrwUerdkA1cMieiyNx1SbBG5+mOntTIBQ==",
      "requires": {
        "shift-traverser": "^1.0.0"
      }
    },
    "shift-reducer": {
      "version": "6.0.0",
      "resolved": "https://registry.npmjs.org/shift-reducer/-/shift-reducer-6.0.0.tgz",
      "integrity": "sha512-2rJraRP8drIOjvaE/sALa+0tGJmMVUzlmS3wIJerJbaYuCjpFAiF0WjkTOFVtz1144Nm/ECmqeG+7yRhuMVsMg==",
      "requires": {
        "shift-ast": "6.0.0"
      },
      "dependencies": {
        "shift-ast": {
          "version": "6.0.0",
          "resolved": "https://registry.npmjs.org/shift-ast/-/shift-ast-6.0.0.tgz",
          "integrity": "sha512-XXxDcEBWVBzqWXfNYJlLyJ1/9kMvOXVRXiqPjkOrTCC5qRsBvEMJMRLLFhU3tn8ue56Y7IZyBE6bexFum5QLUw=="
        }
      }
    },
    "shift-refactor": {
      "version": "2.0.0",
      "resolved": "https://registry.npmjs.org/shift-refactor/-/shift-refactor-2.0.0.tgz",
      "integrity": "sha512-9pO3WQ3oHb9FXVxGhVSMUajCtiwUhfqAWv1H1bkinwFdoR2l4IzVDdQYThMNg5UUEZhg52XBMB15WUxX4vzQKg==",
      "requires": {
        "@jsoverson/shift-codegen": "^7.0.0",
        "debug": "^4.1.1",
        "fast-deep-equal": "^3.1.1",
        "shift-ast": "^6.1.0",
        "shift-parser": "^7.0.0",
        "shift-printer": "^1.0.1",
        "shift-query": "^1.0.2",
        "shift-scope": "^4.0.0",
        "shift-traverser": "^1.0.0",
        "shift-validator": "^5.0.0"
      }
    },
    "shift-regexp-acceptor": {
      "version": "2.0.3",
      "resolved": "https://registry.npmjs.org/shift-regexp-acceptor/-/shift-regexp-acceptor-2.0.3.tgz",
      "integrity": "sha512-sxL7e5JNUFxm+gutFRXktX2D6KVgDAHNuDsk5XHB9Z+N5yXooZG6pdZ1GEbo3Jz6lF7ETYLBC4WAjIFm2RKTmA==",
      "requires": {
        "unicode-match-property-ecmascript": "1.0.4",
        "unicode-match-property-value-ecmascript": "1.0.2",
        "unicode-property-aliases-ecmascript": "1.0.4"
      }
    },
    "shift-scope": {
      "version": "4.0.0",
      "resolved": "https://registry.npmjs.org/shift-scope/-/shift-scope-4.0.0.tgz",
      "integrity": "sha512-b5Ub5m6eP3obI1h6MVmt3Rthh1akLKKjresLtYYqV+V4aNFL1XtdvB+yK6mTROakriKFu4ehwbs6mFMUCenyKA==",
      "requires": {
        "multimap": "1.0.2",
        "shift-reducer": "5.0.0",
        "shift-spec": "2017.0.0"
      },
      "dependencies": {
        "multimap": {
          "version": "1.0.2",
          "resolved": "https://registry.npmjs.org/multimap/-/multimap-1.0.2.tgz",
          "integrity": "sha1-aqdvwyM5BbqUi75MdNwsOgNW6zY="
        },
        "shift-ast": {
          "version": "5.0.0",
          "resolved": "https://registry.npmjs.org/shift-ast/-/shift-ast-5.0.0.tgz",
          "integrity": "sha512-kMhr/GwgrQ1U2kaa50sD5YxNDQEZHAZigVwrf/NNeezb6oiYnpPMV8v1WVRhCW8sjI7xUdzuPujSQ3gA2IuUAQ=="
        },
        "shift-reducer": {
          "version": "5.0.0",
          "resolved": "https://registry.npmjs.org/shift-reducer/-/shift-reducer-5.0.0.tgz",
          "integrity": "sha512-Jgr6kPMZuzsQ63NdeLJT6BZvtJ6IDbYFBVqiid1bZlwxeJYq81Cj2Wc4UUERjO4Q9tz5U4KpWaZhitjcBvfiYA==",
          "requires": {
            "shift-ast": "5.0.0"
          }
        },
        "shift-spec": {
          "version": "2017.0.0",
          "resolved": "https://registry.npmjs.org/shift-spec/-/shift-spec-2017.0.0.tgz",
          "integrity": "sha512-bJvpDhV0BPI3Qtr0Dztrv9nKjQmeSlRRjMOPe5ojsnzauhwu3fls+iMT6qDUXS+kXloZo71dn15j9D2qWuuQvw=="
        }
      }
    },
    "shift-spec": {
      "version": "2018.0.0",
      "resolved": "https://registry.npmjs.org/shift-spec/-/shift-spec-2018.0.0.tgz",
      "integrity": "sha512-/aiPOkj7dbe+CV2VZhIMTHQToZmgniofpRG7Yr7x2/0sO6CSVC++py1Wzf+s+rWSTDHKcLvziVAxjRRV4i4EoQ=="
    },
    "shift-traverser": {
      "version": "1.0.0",
      "resolved": "https://registry.npmjs.org/shift-traverser/-/shift-traverser-1.0.0.tgz",
      "integrity": "sha512-DMY3512wJbdC+IC+nhLH3/Stgr2BbxbNcg7qyZ6+e5qNnNs8TBQJWdMsRgHlX1JXwF4C0ONKS8VUxsPT0Tf7aw==",
      "requires": {
        "estraverse": "4.2.0",
        "shift-spec": "2018.0.0"
      }
    },
    "shift-validator": {
      "version": "5.0.1",
      "resolved": "https://registry.npmjs.org/shift-validator/-/shift-validator-5.0.1.tgz",
      "integrity": "sha512-q0uUu2IWgEnItpuTbL1HGJkfBWKTGhDMTOqe1ANlc6qfV6jo1E3LB2P1rAVWQnOl+9iZSfdqYzNIACZ0j07l4Q==",
      "requires": {
        "esutils": "2.0.2",
        "shift-parser": "7.0.3",
        "shift-reducer": "6.0.0",
        "shift-regexp-acceptor": "2.0.3"
      },
      "dependencies": {
        "esutils": {
          "version": "2.0.2",
          "resolved": "https://registry.npmjs.org/esutils/-/esutils-2.0.2.tgz",
          "integrity": "sha1-Cr9PHKpbyx96nYrMbepPqqBLrJs="
        }
      }
    },
    "test-value": {
      "version": "2.1.0",
      "resolved": "https://registry.npmjs.org/test-value/-/test-value-2.1.0.tgz",
      "integrity": "sha1-Edpv9nDzRxpztiXKTz/c97t0gpE=",
      "requires": {
        "array-back": "^1.0.3",
        "typical": "^2.6.0"
      },
      "dependencies": {
        "array-back": {
          "version": "1.0.4",
          "resolved": "https://registry.npmjs.org/array-back/-/array-back-1.0.4.tgz",
          "integrity": "sha1-ZEun8JX3/898Q7Xw3DnTwfA8Bjs=",
          "requires": {
            "typical": "^2.6.0"
          }
        }
      }
    },
    "through": {
      "version": "2.3.8",
      "resolved": "https://registry.npmjs.org/through/-/through-2.3.8.tgz",
      "integrity": "sha1-DdTJ/6q8NXlgsbckEV1+Doai4fU="
    },
    "tiny-sprintf": {
      "version": "0.3.0",
      "resolved": "https://registry.npmjs.org/tiny-sprintf/-/tiny-sprintf-0.3.0.tgz",
      "integrity": "sha1-QnL9XB0vkoByI/wW1yj98wWVoz4="
    },
    "type": {
      "version": "1.2.0",
      "resolved": "https://registry.npmjs.org/type/-/type-1.2.0.tgz",
      "integrity": "sha512-+5nt5AAniqsCnu2cEQQdpzCAh33kVx8n0VoFidKpB1dVVLAN/F+bgVOqOJqOnEnrhp222clB5p3vUlD+1QAnfg=="
    },
    "typical": {
      "version": "2.6.1",
      "resolved": "https://registry.npmjs.org/typical/-/typical-2.6.1.tgz",
      "integrity": "sha1-XAgOXWYcu+OCWdLnCjxyU+hziB0="
    },
    "unicode-canonical-property-names-ecmascript": {
      "version": "1.0.4",
      "resolved": "https://registry.npmjs.org/unicode-canonical-property-names-ecmascript/-/unicode-canonical-property-names-ecmascript-1.0.4.tgz",
      "integrity": "sha512-jDrNnXWHd4oHiTZnx/ZG7gtUTVp+gCcTTKr8L0HjlwphROEW3+Him+IpvC+xcJEFegapiMZyZe02CyuOnRmbnQ=="
    },
    "unicode-match-property-ecmascript": {
      "version": "1.0.4",
      "resolved": "https://registry.npmjs.org/unicode-match-property-ecmascript/-/unicode-match-property-ecmascript-1.0.4.tgz",
      "integrity": "sha512-L4Qoh15vTfntsn4P1zqnHulG0LdXgjSO035fEpdtp6YxXhMT51Q6vgM5lYdG/5X3MjS+k/Y9Xw4SFCY9IkR0rg==",
      "requires": {
        "unicode-canonical-property-names-ecmascript": "^1.0.4",
        "unicode-property-aliases-ecmascript": "^1.0.4"
      }
    },
    "unicode-match-property-value-ecmascript": {
      "version": "1.0.2",
      "resolved": "https://registry.npmjs.org/unicode-match-property-value-ecmascript/-/unicode-match-property-value-ecmascript-1.0.2.tgz",
      "integrity": "sha512-Rx7yODZC1L/T8XKo/2kNzVAQaRE88AaMvI1EF/Xnj3GW2wzN6fop9DDWuFAKUVFH7vozkz26DzP0qyWLKLIVPQ=="
    },
    "unicode-property-aliases-ecmascript": {
      "version": "1.0.4",
      "resolved": "https://registry.npmjs.org/unicode-property-aliases-ecmascript/-/unicode-property-aliases-ecmascript-1.0.4.tgz",
      "integrity": "sha512-2WSLa6OdYd2ng8oqiGIWnJqyFArvhn+5vgx5GTxMbUYjCYKUcuKS62YLFF0R/BDGlB1yzXjQOLtPAfHsgirEpg=="
    },
    "unminify": {
      "version": "1.1.0",
      "resolved": "https://registry.npmjs.org/unminify/-/unminify-1.1.0.tgz",
      "integrity": "sha512-1lQg59rABGYaPcubPfGFwzYqG0AaVGEIRyH0079TWhwFgkQn3tTnXDU7i35W4NuYpfaD3mjs91ojZPo1xWzAkg==",
      "requires": {
        "command-line-args": "4.0.7",
        "esutils": "2.0.2",
        "prettier": "1.9.2",
        "shift-ast": "4.0.0",
        "shift-codegen": "5.0.5",
        "shift-parser": "5.2.3",
        "shift-reducer": "4.1.0",
        "shift-scope": "3.1.0",
        "shift-spec": "2016.0.0"
      },
      "dependencies": {
        "esutils": {
          "version": "2.0.2",
          "resolved": "https://registry.npmjs.org/esutils/-/esutils-2.0.2.tgz",
          "integrity": "sha1-Cr9PHKpbyx96nYrMbepPqqBLrJs="
        },
        "multimap": {
          "version": "0.1.1",
          "resolved": "https://registry.npmjs.org/multimap/-/multimap-0.1.1.tgz",
          "integrity": "sha1-UY6eIVIK++Vq4zwMI1PpnVPj1fw="
        },
        "shift-ast": {
          "version": "4.0.0",
          "resolved": "https://registry.npmjs.org/shift-ast/-/shift-ast-4.0.0.tgz",
          "integrity": "sha1-HUFSoq3ShkSlKusuDIfYkl09l/8="
        },
        "shift-codegen": {
          "version": "5.0.5",
          "resolved": "https://registry.npmjs.org/shift-codegen/-/shift-codegen-5.0.5.tgz",
          "integrity": "sha1-9r16IWHFpOyURmWeE/H90UPFycE=",
          "requires": {
            "esutils": "^2.0.2",
            "object-assign": "^4.1.0",
            "shift-reducer": "^4.0.0"
          }
        },
        "shift-parser": {
          "version": "5.2.3",
          "resolved": "https://registry.npmjs.org/shift-parser/-/shift-parser-5.2.3.tgz",
          "integrity": "sha1-tt48/49PMjKzC4J3k9bIsRrrKlE=",
          "requires": {
            "es6-map": "^0.1.1",
            "multimap": "^0.1.1",
            "shift-ast": "^4.0.0",
            "shift-reducer": "^4.0.0"
          }
        },
        "shift-reducer": {
          "version": "4.1.0",
          "resolved": "https://registry.npmjs.org/shift-reducer/-/shift-reducer-4.1.0.tgz",
          "integrity": "sha512-eizJcB5vB4ThtsucWJAtZ9ZODirbwN1+lhSFkXZzRe7jLIu7pWn4w/d6AAwK7LAi+PZssqFmCFFl2rbVtspeOg==",
          "requires": {
            "shift-ast": "^4.0.0"
          }
        },
        "shift-scope": {
          "version": "3.1.0",
          "resolved": "https://registry.npmjs.org/shift-scope/-/shift-scope-3.1.0.tgz",
          "integrity": "sha1-tmAB1l4Wm/Dy5RJxmK5tjVOPE4Y=",
          "requires": {
            "multimap": "1.0.2",
            "shift-reducer": "4.0.1",
            "shift-spec": "2016.0.0"
          },
          "dependencies": {
            "multimap": {
              "version": "1.0.2",
              "resolved": "https://registry.npmjs.org/multimap/-/multimap-1.0.2.tgz",
              "integrity": "sha1-aqdvwyM5BbqUi75MdNwsOgNW6zY="
            },
            "shift-reducer": {
              "version": "4.0.1",
              "resolved": "https://registry.npmjs.org/shift-reducer/-/shift-reducer-4.0.1.tgz",
              "integrity": "sha1-McM0FP9UqgqZfSs/wlQWL1xaG3U=",
              "requires": {
                "shift-ast": "^4.0.0"
              }
            }
          }
        },
        "shift-spec": {
          "version": "2016.0.0",
          "resolved": "https://registry.npmjs.org/shift-spec/-/shift-spec-2016.0.0.tgz",
          "integrity": "sha1-zwV8OW1846WeXgAwdwIdK1UqJhw="
        }
      }
    }
  }
}
